
Microsoft Visual Studio Solution File, Format Version 12.00
# Visual Studio 15
VisualStudioVersion = 15.0.28010.2046
MinimumVisualStudioVersion = 10.0.40219.1
Project("{FAE04EC0-301F-11D3-BF4B-00C04F79EFBC}") = "MvcMovie", "MvcMovie\MvcMovie.csproj", "{B8D7D1B4-2F6B-46B0-AE04-B3508A0B4EF1}"
EndProject
Global
	GlobalSection(SolutionConfigurationPlatforms) = preSolution
		Debug|Any CPU = Debug|Any CPU
		Release|Any CPU = Release|Any CPU
	EndGlobalSection
	GlobalSection(ProjectConfigurationPlatforms) = postSolution
		{B8D7D1B4-2F6B-46B0-AE04-B3508A0B4EF1}.Debug|Any CPU.ActiveCfg = Debug|Any CPU
		{B8D7D1B4-2F6B-46B0-AE04-B3508A0B4EF1}.Debug|Any CPU.Build.0 = Debug|Any CPU
		{B8D7D1B4-2F6B-46B0-AE04-B3508A0B4EF1}.Release|Any CPU.ActiveCfg = Release|Any CPU
		{B8D7D1B4-2F6B-46B0-AE04-B3508A0B4EF1}.Release|Any CPU.Build.0 = Release|Any CPU
	EndGlobalSection
	GlobalSection(SolutionProperties) = preSolution
		HideSolutionNode = FALSE
	EndGlobalSection
	GlobalSection(ExtensibilityGlobals) = postSolution
		SolutionGuid = {63976366-204A-46BA-B373-8C4AE2A013A9}
	EndGlobalSection
EndGlobal
